
Microsoft Visual Studio Solution File, Format Version 12.00
# Visual Studio Version 17
VisualStudioVersion = 17.0.31903.59
MinimumVisualStudioVersion = 10.0.40219.1
Project("{FAE04EC0-301F-11D3-BF4B-00C04F79EFBC}") = "AirtightInspection.WinForms", "AirtightInspection.WinForms\AirtightInspection.WinForms.csproj", "{D2605FF0-9C97-4A27-BC5D-6F57AE0E20DB}"
EndProject
Global
	GlobalSection(SolutionConfigurationPlatforms) = preSolution
		Debug|Any CPU = Debug|Any CPU
		Release|Any CPU = Release|Any CPU
	EndGlobalSection
	GlobalSection(ProjectConfigurationPlatforms) = postSolution
		{D2605FF0-9C97-4A27-BC5D-6F57AE0E20DB}.Debug|Any CPU.ActiveCfg = Debug|Any CPU
		{D2605FF0-9C97-4A27-BC5D-6F57AE0E20DB}.Debug|Any CPU.Build.0 = Debug|Any CPU
		{D2605FF0-9C97-4A27-BC5D-6F57AE0E20DB}.Release|Any CPU.ActiveCfg = Release|Any CPU
		{D2605FF0-9C97-4A27-BC5D-6F57AE0E20DB}.Release|Any CPU.Build.0 = Release|Any CPU
	EndGlobalSection
EndGlobal
